
Microsoft Visual Studio Solution File, Format Version 12.00
# Visual Studio Version 16
VisualStudioVersion = 16.0.33529.622
MinimumVisualStudioVersion = 10.0.40219.1
Project("{9A19103F-16F7-4668-BE54-9A1E7A4F7556}") = "ftrip.io.framework", "..\framework\ftrip.io.framework\ftrip.io.framework\ftrip.io.framework.csproj", "{D8A33318-2726-4649-8C9A-C5C7035F6565}"
EndProject
Project("{9A19103F-16F7-4668-BE54-9A1E7A4F7556}") = "ftrip.io.framework-playground", "..\playground\ftrip.io.playground\ftrip.io.framework-playground\ftrip.io.framework-playground.csproj", "{860F8AB1-FDF9-4597-B1FE-D9ABEB6ABFC2}"
EndProject
Project("{9A19103F-16F7-4668-BE54-9A1E7A4F7556}") = "ftrip.io.framework.auth", "..\framework\ftrip.io.framework\ftrip.io.framework.auth\ftrip.io.framework.auth.csproj", "{7AA462BB-3D03-4966-93E6-8FF56D556EB7}"
EndProject
Project("{9A19103F-16F7-4668-BE54-9A1E7A4F7556}") = "ftrip.io.framework.jobs", "..\framework\ftrip.io.framework\ftrip.io.framework.jobs\ftrip.io.framework.jobs.csproj", "{4A668418-E7FE-4CD3-A1DF-D68E47083C4B}"
EndProject
Project("{9A19103F-16F7-4668-BE54-9A1E7A4F7556}") = "ftrip.io.framework.messaging", "..\framework\ftrip.io.framework\ftrip.io.framework.messaging\ftrip.io.framework.messaging.csproj", "{97BD0711-DFC4-4AFE-A8D0-E00D0B0896B1}"
EndProject
Project("{9A19103F-16F7-4668-BE54-9A1E7A4F7556}") = "ftrip.io.framework-playground.contracts", "..\playground\ftrip.io.playground\ftrip.io.framework-playground.contracts\ftrip.io.framework-playground.contracts.csproj", "{83E84289-E227-46F5-9D9A-39A62A0ADD10}"
EndProject
Project("{9A19103F-16F7-4668-BE54-9A1E7A4F7556}") = "ftrip.io.booking-service", "..\booking-service\ftrip.io.booking-service\ftrip.io.booking-service\ftrip.io.booking-service.csproj", "{0B275889-B3E0-4BD1-A002-820C1EDDE261}"
EndProject
Project("{9A19103F-16F7-4668-BE54-9A1E7A4F7556}") = "ftrip.io.booking-service.contracts", "..\booking-service\ftrip.io.booking-service\ftrip.io.booking-service.contracts\ftrip.io.booking-service.contracts.csproj", "{030DCC94-37F1-4CA0-9C3B-A6559ACF7B57}"
EndProject
Project("{9A19103F-16F7-4668-BE54-9A1E7A4F7556}") = "ftrip.io.catalog-service", "..\catalog-service\ftrip.io.catalog-service\ftrip.io.catalog-service\ftrip.io.catalog-service.csproj", "{39A0D716-472C-496F-A2AA-0B020835F4B0}"
EndProject
Project("{9A19103F-16F7-4668-BE54-9A1E7A4F7556}") = "ftrip.io.catalog-service.contracts", "..\catalog-service\ftrip.io.catalog-service\ftrip.io.catalog-service.contracts\ftrip.io.catalog-service.contracts.csproj", "{737AC5C6-7692-4D2C-A4BF-7546F9C63E9C}"
EndProject
Project("{9A19103F-16F7-4668-BE54-9A1E7A4F7556}") = "ftrip.io.notification-service", "..\notification-service\ftrip.io.notification-service\ftrip.io.notification-service\ftrip.io.notification-service.csproj", "{FE84C251-A530-46CB-B403-C59E66638DB0}"
EndProject
Project("{9A19103F-16F7-4668-BE54-9A1E7A4F7556}") = "ftrip.io.notification-service.contracts", "..\notification-service\ftrip.io.notification-service\ftrip.io.notification-service.contracts\ftrip.io.notification-service.contracts.csproj", "{89BD0B0F-95C4-4557-84B9-DEAC9BB3146F}"
EndProject
Project("{9A19103F-16F7-4668-BE54-9A1E7A4F7556}") = "ftrip.io.user-service", "..\user-service\ftrip.io.user-service\ftrip.io.user-service\ftrip.io.user-service.csproj", "{BFED638A-0E83-4F32-AC86-567619753E72}"
EndProject
Project("{9A19103F-16F7-4668-BE54-9A1E7A4F7556}") = "ftrip.ip.user-service.contracts", "..\user-service\ftrip.io.user-service\ftrip.ip.user-service.contracts\ftrip.ip.user-service.contracts.csproj", "{7FC7D417-2990-4566-B7AD-785EAC383DAE}"
EndProject
Project("{9A19103F-16F7-4668-BE54-9A1E7A4F7556}") = "ftrip.io.framework-playground.unit-tests", "..\playground\ftrip.io.playground\ftrip.io.framework-playground.unit-tests\ftrip.io.framework-playground.unit-tests.csproj", "{36EE8CDD-AA1D-4B9A-8355-5187097FE808}"
EndProject
Project("{9A19103F-16F7-4668-BE54-9A1E7A4F7556}") = "ftrip.io.user-service.unit-tests", "..\user-service\ftrip.io.user-service\ftrip.io.user-service.unit-tests\ftrip.io.user-service.unit-tests.csproj", "{9B14A4DE-D131-4B4F-896B-D69E9DFB5236}"
EndProject
Global
	GlobalSection(SolutionConfigurationPlatforms) = preSolution
		Debug|Any CPU = Debug|Any CPU
		Release|Any CPU = Release|Any CPU
	EndGlobalSection
	GlobalSection(ProjectConfigurationPlatforms) = postSolution
		{D8A33318-2726-4649-8C9A-C5C7035F6565}.Debug|Any CPU.ActiveCfg = Debug|Any CPU
		{D8A33318-2726-4649-8C9A-C5C7035F6565}.Debug|Any CPU.Build.0 = Debug|Any CPU
		{D8A33318-2726-4649-8C9A-C5C7035F6565}.Release|Any CPU.ActiveCfg = Release|Any CPU
		{D8A33318-2726-4649-8C9A-C5C7035F6565}.Release|Any CPU.Build.0 = Release|Any CPU
		{860F8AB1-FDF9-4597-B1FE-D9ABEB6ABFC2}.Debug|Any CPU.ActiveCfg = Debug|Any CPU
		{860F8AB1-FDF9-4597-B1FE-D9ABEB6ABFC2}.Debug|Any CPU.Build.0 = Debug|Any CPU
		{860F8AB1-FDF9-4597-B1FE-D9ABEB6ABFC2}.Release|Any CPU.ActiveCfg = Release|Any CPU
		{860F8AB1-FDF9-4597-B1FE-D9ABEB6ABFC2}.Release|Any CPU.Build.0 = Release|Any CPU
		{7AA462BB-3D03-4966-93E6-8FF56D556EB7}.Debug|Any CPU.ActiveCfg = Debug|Any CPU
		{7AA462BB-3D03-4966-93E6-8FF56D556EB7}.Debug|Any CPU.Build.0 = Debug|Any CPU
		{7AA462BB-3D03-4966-93E6-8FF56D556EB7}.Release|Any CPU.ActiveCfg = Release|Any CPU
		{7AA462BB-3D03-4966-93E6-8FF56D556EB7}.Release|Any CPU.Build.0 = Release|Any CPU
		{4A668418-E7FE-4CD3-A1DF-D68E47083C4B}.Debug|Any CPU.ActiveCfg = Debug|Any CPU
		{4A668418-E7FE-4CD3-A1DF-D68E47083C4B}.Debug|Any CPU.Build.0 = Debug|Any CPU
		{4A668418-E7FE-4CD3-A1DF-D68E47083C4B}.Release|Any CPU.ActiveCfg = Release|Any CPU
		{4A668418-E7FE-4CD3-A1DF-D68E47083C4B}.Release|Any CPU.Build.0 = Release|Any CPU
		{97BD0711-DFC4-4AFE-A8D0-E00D0B0896B1}.Debug|Any CPU.ActiveCfg = Debug|Any CPU
		{97BD0711-DFC4-4AFE-A8D0-E00D0B0896B1}.Debug|Any CPU.Build.0 = Debug|Any CPU
		{97BD0711-DFC4-4AFE-A8D0-E00D0B0896B1}.Release|Any CPU.ActiveCfg = Release|Any CPU
		{97BD0711-DFC4-4AFE-A8D0-E00D0B0896B1}.Release|Any CPU.Build.0 = Release|Any CPU
		{83E84289-E227-46F5-9D9A-39A62A0ADD10}.Debug|Any CPU.ActiveCfg = Debug|Any CPU
		{83E84289-E227-46F5-9D9A-39A62A0ADD10}.Debug|Any CPU.Build.0 = Debug|Any CPU
		{83E84289-E227-46F5-9D9A-39A62A0ADD10}.Release|Any CPU.ActiveCfg = Release|Any CPU
		{83E84289-E227-46F5-9D9A-39A62A0ADD10}.Release|Any CPU.Build.0 = Release|Any CPU
		{0B275889-B3E0-4BD1-A002-820C1EDDE261}.Debug|Any CPU.ActiveCfg = Debug|Any CPU
		{0B275889-B3E0-4BD1-A002-820C1EDDE261}.Debug|Any CPU.Build.0 = Debug|Any CPU
		{0B275889-B3E0-4BD1-A002-820C1EDDE261}.Release|Any CPU.ActiveCfg = Release|Any CPU
		{0B275889-B3E0-4BD1-A002-820C1EDDE261}.Release|Any CPU.Build.0 = Release|Any CPU
		{030DCC94-37F1-4CA0-9C3B-A6559ACF7B57}.Debug|Any CPU.ActiveCfg = Debug|Any CPU
		{030DCC94-37F1-4CA0-9C3B-A6559ACF7B57}.Debug|Any CPU.Build.0 = Debug|Any CPU
		{030DCC94-37F1-4CA0-9C3B-A6559ACF7B57}.Release|Any CPU.ActiveCfg = Release|Any CPU
		{030DCC94-37F1-4CA0-9C3B-A6559ACF7B57}.Release|Any CPU.Build.0 = Release|Any CPU
		{39A0D716-472C-496F-A2AA-0B020835F4B0}.Debug|Any CPU.ActiveCfg = Debug|Any CPU
		{39A0D716-472C-496F-A2AA-0B020835F4B0}.Debug|Any CPU.Build.0 = Debug|Any CPU
		{39A0D716-472C-496F-A2AA-0B020835F4B0}.Release|Any CPU.ActiveCfg = Release|Any CPU
		{39A0D716-472C-496F-A2AA-0B020835F4B0}.Release|Any CPU.Build.0 = Release|Any CPU
		{737AC5C6-7692-4D2C-A4BF-7546F9C63E9C}.Debug|Any CPU.ActiveCfg = Debug|Any CPU
		{737AC5C6-7692-4D2C-A4BF-7546F9C63E9C}.Debug|Any CPU.Build.0 = Debug|Any CPU
		{737AC5C6-7692-4D2C-A4BF-7546F9C63E9C}.Release|Any CPU.ActiveCfg = Release|Any CPU
		{737AC5C6-7692-4D2C-A4BF-7546F9C63E9C}.Release|Any CPU.Build.0 = Release|Any CPU
		{FE84C251-A530-46CB-B403-C59E66638DB0}.Debug|Any CPU.ActiveCfg = Debug|Any CPU
		{FE84C251-A530-46CB-B403-C59E66638DB0}.Debug|Any CPU.Build.0 = Debug|Any CPU
		{FE84C251-A530-46CB-B403-C59E66638DB0}.Release|Any CPU.ActiveCfg = Release|Any CPU
		{FE84C251-A530-46CB-B403-C59E66638DB0}.Release|Any CPU.Build.0 = Release|Any CPU
		{89BD0B0F-95C4-4557-84B9-DEAC9BB3146F}.Debug|Any CPU.ActiveCfg = Debug|Any CPU
		{89BD0B0F-95C4-4557-84B9-DEAC9BB3146F}.Debug|Any CPU.Build.0 = Debug|Any CPU
		{89BD0B0F-95C4-4557-84B9-DEAC9BB3146F}.Release|Any CPU.ActiveCfg = Release|Any CPU
		{89BD0B0F-95C4-4557-84B9-DEAC9BB3146F}.Release|Any CPU.Build.0 = Release|Any CPU
		{BFED638A-0E83-4F32-AC86-567619753E72}.Debug|Any CPU.ActiveCfg = Debug|Any CPU
		{BFED638A-0E83-4F32-AC86-567619753E72}.Debug|Any CPU.Build.0 = Debug|Any CPU
		{BFED638A-0E83-4F32-AC86-567619753E72}.Release|Any CPU.ActiveCfg = Release|Any CPU
		{BFED638A-0E83-4F32-AC86-567619753E72}.Release|Any CPU.Build.0 = Release|Any CPU
		{7FC7D417-2990-4566-B7AD-785EAC383DAE}.Debug|Any CPU.ActiveCfg = Debug|Any CPU
		{7FC7D417-2990-4566-B7AD-785EAC383DAE}.Debug|Any CPU.Build.0 = Debug|Any CPU
		{7FC7D417-2990-4566-B7AD-785EAC383DAE}.Release|Any CPU.ActiveCfg = Release|Any CPU
		{7FC7D417-2990-4566-B7AD-785EAC383DAE}.Release|Any CPU.Build.0 = Release|Any CPU
		{36EE8CDD-AA1D-4B9A-8355-5187097FE808}.Debug|Any CPU.ActiveCfg = Debug|Any CPU
		{36EE8CDD-AA1D-4B9A-8355-5187097FE808}.Debug|Any CPU.Build.0 = Debug|Any CPU
		{36EE8CDD-AA1D-4B9A-8355-5187097FE808}.Release|Any CPU.ActiveCfg = Release|Any CPU
		{36EE8CDD-AA1D-4B9A-8355-5187097FE808}.Release|Any CPU.Build.0 = Release|Any CPU
		{9B14A4DE-D131-4B4F-896B-D69E9DFB5236}.Debug|Any CPU.ActiveCfg = Debug|Any CPU
		{9B14A4DE-D131-4B4F-896B-D69E9DFB5236}.Debug|Any CPU.Build.0 = Debug|Any CPU
		{9B14A4DE-D131-4B4F-896B-D69E9DFB5236}.Release|Any CPU.ActiveCfg = Release|Any CPU
		{9B14A4DE-D131-4B4F-896B-D69E9DFB5236}.Release|Any CPU.Build.0 = Release|Any CPU
	EndGlobalSection
	GlobalSection(SolutionProperties) = preSolution
		HideSolutionNode = FALSE
	EndGlobalSection
	GlobalSection(ExtensibilityGlobals) = postSolution
		SolutionGuid = {79534EB3-C80D-461B-B6F7-EC7B08899A0B}
	EndGlobalSection
EndGlobal
